{
  "version": 4,
  "terraform_version": "1.5.7",
  "serial": 12,
  "lineage": "c9796072-44a5-dc3c-4892-58528e0f6671",
  "outputs": {
    "instance_info": {
      "value": [
        {
          "id": "i-026350D4",
          "name": "instance-test-01",
          "private_ip": "10.16.203.78",
          "public_ip": "10.16.203.78"
        },
        {
          "id": "i-E3C9E60E",
          "name": "instance-test-02",
          "private_ip": "10.16.203.123",
          "public_ip": "10.16.203.123"
        },
        {
          "id": "i-7EEC6EE4",
          "name": "instance-test-03",
          "private_ip": "10.16.203.119",
          "public_ip": "10.16.203.119"
        }
      ],
      "type": [
        "tuple",
        [
          [
            "object",
            {
              "id": "string",
              "name": "string",
              "private_ip": "string",
              "public_ip": "string"
            }
          ],
          [
            "object",
            {
              "id": "string",
              "name": "string",
              "private_ip": "string",
              "public_ip": "string"
            }
          ],
          [
            "object",
            {
              "id": "string",
              "name": "string",
              "private_ip": "string",
              "public_ip": "string"
            }
          ]
        ]
      ]
    }
  },
  "resources": [
    {
      "mode": "managed",
      "type": "bingocloud_instance",
      "name": "example",
      "provider": "provider[\"registry.terraform.io/mulei1288/bingocloud\"]",
      "instances": [
        {
          "index_key": 0,
          "schema_version": 0,
          "attributes": {
            "availability_zone": "cc1",
            "block_device_mappings": [
              {
                "device_name": "/dev/vda",
                "volume_size": 100,
                "volume_type": "storage-cloud"
              },
              {
                "device_name": "/dev/vdb",
                "volume_size": 2,
                "volume_type": "storage-localfs"
              },
              {
                "device_name": "/dev/vdc",
                "volume_size": 100,
                "volume_type": "storage-cloud"
              }
            ],
            "id": "i-026350D4",
            "image_id": "ami-0FC0EEF6",
            "instance_name": "instance-test-01",
            "instance_type": "m1.medium",
            "key_name": null,
            "min_count": 1,
            "password": "bingo@word1",
            "private_ip": "10.16.203.78",
            "public_ip": "10.16.203.78",
            "security_group_ids": [],
            "state": "running",
            "subnet_id": "subnet-A5D2DD8E",
            "tags": {
              "Environment": "production",
              "ManagedBy": "terraform"
            },
            "user_data": null
          },
          "sensitive_attributes": []
        },
        {
          "index_key": 1,
          "schema_version": 0,
          "attributes": {
            "availability_zone": "cc1",
            "block_device_mappings": [
              {
                "device_name": "/dev/vda",
                "volume_size": 100,
                "volume_type": "storage-cloud"
              },
              {
                "device_name": "/dev/vdb",
                "volume_size": 2,
                "volume_type": "storage-localfs"
              },
              {
                "device_name": "/dev/vdc",
                "volume_size": 100,
                "volume_type": "storage-cloud"
              }
            ],
            "id": "i-E3C9E60E",
            "image_id": "ami-0FC0EEF6",
            "instance_name": "instance-test-02",
            "instance_type": "m1.medium",
            "key_name": null,
            "min_count": 1,
            "password": "bingo@word1",
            "private_ip": "10.16.203.123",
            "public_ip": "10.16.203.123",
            "security_group_ids": [],
            "state": "running",
            "subnet_id": "subnet-A5D2DD8E",
            "tags": {
              "Environment": "production",
              "ManagedBy": "terraform"
            },
            "user_data": null
          },
          "sensitive_attributes": []
        },
        {
          "index_key": 2,
          "schema_version": 0,
          "attributes": {
            "availability_zone": "cc1",
            "block_device_mappings": [
              {
                "device_name": "/dev/vda",
                "volume_size": 100,
                "volume_type": "storage-cloud"
              },
              {
                "device_name": "/dev/vdb",
                "volume_size": 2,
                "volume_type": "storage-localfs"
              },
              {
                "device_name": "/dev/vdc",
                "volume_size": 100,
                "volume_type": "storage-cloud"
              }
            ],
            "id": "i-7EEC6EE4",
            "image_id": "ami-0FC0EEF6",
            "instance_name": "instance-test-03",
            "instance_type": "m1.medium",
            "key_name": null,
            "min_count": 1,
            "password": "bingo@word1",
            "private_ip": "10.16.203.119",
            "public_ip": "10.16.203.119",
            "security_group_ids": [],
            "state": "running",
            "subnet_id": "subnet-A5D2DD8E",
            "tags": {
              "Environment": "production",
              "ManagedBy": "terraform"
            },
            "user_data": null
          },
          "sensitive_attributes": []
        }
      ]
    }
  ],
  "check_results": null
}
